PODS:
  - MJExtension (3.0.13)
  - MMDrawerController (0.5.7):
    - MMDrawerController/Core (= 0.5.7)
    - MMDrawerController/MMDrawerBarButtonItem (= 0.5.7)
    - MMDrawerController/MMDrawerVisualStates (= 0.5.7)
    - MMDrawerController/Subclass (= 0.5.7)
  - MMDrawerController/Core (0.5.7)
  - MMDrawerController/MMDrawerBarButtonItem (0.5.7):
    - MMDrawerController/Core
  - MMDrawerController/MMDrawerVisualStates (0.5.7):
    - MMDrawerController/Core
  - MMDrawerController/Subclass (0.5.7):
    - MMDrawerController/Core

DEPENDENCIES:
  - MJExtension
  - MMDrawerController

SPEC CHECKSUMS:
  MJExtension: 5932755f451458eefa24239358817f8d291240c7
  MMDrawerController: 7a4cf8e25596bf2434e03ce50d22a8608ddee6a1

PODFILE CHECKSUM: 74eb66e8ad89611a602d7146962d1c6978a1713b

COCOAPODS: 1.0.1
